// !$*UTF8*$!
{
	archiveVersion = 1;
	classes = {
	};
	objectVersion = 50;
	objects = {

/* Begin PBXBuildFile section */
		8D3B39DE23E0580800158315 /* APIHandlerDefault.swift in Sources */ = {isa = PBXBuildFile; fileRef = 8D3B39DD23E0580800158315 /* APIHandlerDefault.swift */; };
		8D4094E423E051C40036D24F /* AppDelegate.swift in Sources */ = {isa = PBXBuildFile; fileRef = 8D4094E323E051C40036D24F /* AppDelegate.swift */; };
		8D4094E623E051C40036D24F /* SceneDelegate.swift in Sources */ = {isa = PBXBuildFile; fileRef = 8D4094E523E051C40036D24F /* SceneDelegate.swift */; };
		8D4094E823E051C40036D24F /* NotasViewController.swift in Sources */ = {isa = PBXBuildFile; fileRef = 8D4094E723E051C40036D24F /* NotasViewController.swift */; };
		8D4094EB23E051C40036D24F /* Main.storyboard in Resources */ = {isa = PBXBuildFile; fileRef = 8D4094E923E051C40036D24F /* Main.storyboard */; };
		8D4094ED23E051C70036D24F /* Assets.xcassets in Resources */ = {isa = PBXBuildFile; fileRef = 8D4094EC23E051C70036D24F /* Assets.xcassets */; };
		8D4094F023E051C70036D24F /* LaunchScreen.storyboard in Resources */ = {isa = PBXBuildFile; fileRef = 8D4094EE23E051C70036D24F /* LaunchScreen.storyboard */; };
		8D4094FB23E051C70036D24F /* projetoRestIOSTests.swift in Sources */ = {isa = PBXBuildFile; fileRef = 8D4094FA23E051C70036D24F /* projetoRestIOSTests.swift */; };
		8D40950623E053070036D24F /* NotasTableViewCell.swift in Sources */ = {isa = PBXBuildFile; fileRef = 8D40950523E053070036D24F /* NotasTableViewCell.swift */; };
		8D40950823E054A70036D24F /* AdicionarNotaViewController.swift in Sources */ = {isa = PBXBuildFile; fileRef = 8D40950723E054A70036D24F /* AdicionarNotaViewController.swift */; };
		8D40950A23E0561B0036D24F /* Note.swift in Sources */ = {isa = PBXBuildFile; fileRef = 8D40950923E0561B0036D24F /* Note.swift */; };
		8D73506C23E1DB3B00FCBE8F /* ViewNoteViewController.swift in Sources */ = {isa = PBXBuildFile; fileRef = 8D73506B23E1DB3B00FCBE8F /* ViewNoteViewController.swift */; };
		8D917ECD23E0A3B800BC4E55 /* DateFormatterExtension.swift in Sources */ = {isa = PBXBuildFile; fileRef = 8D917ECC23E0A3B800BC4E55 /* DateFormatterExtension.swift */; };
/* End PBXBuildFile section */

/* Begin PBXContainerItemProxy section */
		8D4094F723E051C70036D24F /* PBXContainerItemProxy */ = {
			isa = PBXContainerItemProxy;
			containerPortal = 8D4094D823E051C40036D24F /* Project object */;
			proxyType = 1;
			remoteGlobalIDString = 8D4094DF23E051C40036D24F;
			remoteInfo = projetoRestIOS;
		};
/* End PBXContainerItemProxy section */

/* Begin PBXFileReference section */
		8D3B39DD23E0580800158315 /* APIHandlerDefault.swift */ = {isa = PBXFileReference; lastKnownFileType = sourcecode.swift; path = APIHandlerDefault.swift; sourceTree = "<group>"; };
		8D4094E023E051C40036D24F /* projetoRestIOS.app */ = {isa = PBXFileReference; explicitFileType = wrapper.application; includeInIndex = 0; path = projetoRestIOS.app; sourceTree = BUILT_PRODUCTS_DIR; };
		8D4094E323E051C40036D24F /* AppDelegate.swift */ = {isa = PBXFileReference; lastKnownFileType = sourcecode.swift; path = AppDelegate.swift; sourceTree = "<group>"; };
		8D4094E523E051C40036D24F /* SceneDelegate.swift */ = {isa = PBXFileReference; lastKnownFileType = sourcecode.swift; path = SceneDelegate.swift; sourceTree = "<group>"; };
		8D4094E723E051C40036D24F /* NotasViewController.swift */ = {isa = PBXFileReference; lastKnownFileType = sourcecode.swift; path = NotasViewController.swift; sourceTree = "<group>"; };
		8D4094EA23E051C40036D24F /* Base */ = {isa = PBXFileReference; lastKnownFileType = file.storyboard; name = Base; path = Base.lproj/Main.storyboard; sourceTree = "<group>"; };
		8D4094EC23E051C70036D24F /* Assets.xcassets */ = {isa = PBXFileReference; lastKnownFileType = folder.assetcatalog; path = Assets.xcassets; sourceTree = "<group>"; };
		8D4094EF23E051C70036D24F /* Base */ = {isa = PBXFileReference; lastKnownFileType = file.storyboard; name = Base; path = Base.lproj/LaunchScreen.storyboard; sourceTree = "<group>"; };
		8D4094F123E051C70036D24F /* Info.plist */ = {isa = PBXFileReference; lastKnownFileType = text.plist.xml; path = Info.plist; sourceTree = "<group>"; };
		8D4094F623E051C70036D24F /* projetoRestIOSTests.xctest */ = {isa = PBXFileReference; explicitFileType = wrapper.cfbundle; includeInIndex = 0; path = projetoRestIOSTests.xctest; sourceTree = BUILT_PRODUCTS_DIR; };
		8D4094FA23E051C70036D24F /* projetoRestIOSTests.swift */ = {isa = PBXFileReference; lastKnownFileType = sourcecode.swift; path = projetoRestIOSTests.swift; sourceTree = "<group>"; };
		8D4094FC23E051C70036D24F /* Info.plist */ = {isa = PBXFileReference; lastKnownFileType = text.plist.xml; path = Info.plist; sourceTree = "<group>"; };
		8D40950523E053070036D24F /* NotasTableViewCell.swift */ = {isa = PBXFileReference; lastKnownFileType = sourcecode.swift; path = NotasTableViewCell.swift; sourceTree = "<group>"; };
		8D40950723E054A70036D24F /* AdicionarNotaViewController.swift */ = {isa = PBXFileReference; lastKnownFileType = sourcecode.swift; path = AdicionarNotaViewController.swift; sourceTree = "<group>"; };
		8D40950923E0561B0036D24F /* Note.swift */ = {isa = PBXFileReference; lastKnownFileType = sourcecode.swift; path = Note.swift; sourceTree = "<group>"; };
		8D73506B23E1DB3B00FCBE8F /* ViewNoteViewController.swift */ = {isa = PBXFileReference; lastKnownFileType = sourcecode.swift; name = ViewNoteViewController.swift; path = projetoRestIOS/Controller/ViewNoteViewController.swift; sourceTree = SOURCE_ROOT; };
		8D917ECC23E0A3B800BC4E55 /* DateFormatterExtension.swift */ = {isa = PBXFileReference; lastKnownFileType = sourcecode.swift; path = DateFormatterExtension.swift; sourceTree = "<group>"; };
/* End PBXFileReference section */

/* Begin PBXFrameworksBuildPhase section */
		8D4094DD23E051C40036D24F /* Frameworks */ = {
			isa = PBXFrameworksBuildPhase;
			buildActionMask = 2147483647;
			files = (
			);
			runOnlyForDeploymentPostprocessing = 0;
		};
		8D4094F323E051C70036D24F /* Frameworks */ = {
			isa = PBXFrameworksBuildPhase;
			buildActionMask = 2147483647;
			files = (
			);
			runOnlyForDeploymentPostprocessing = 0;
		};
/* End PBXFrameworksBuildPhase section */

/* Begin PBXGroup section */
		8D4094D723E051C40036D24F = {
			isa = PBXGroup;
			children = (
				8D4094E223E051C40036D24F /* projetoRestIOS */,
				8D4094F923E051C70036D24F /* projetoRestIOSTests */,
				8D4094E123E051C40036D24F /* Products */,
			);
			sourceTree = "<group>";
		};
		8D4094E123E051C40036D24F /* Products */ = {
			isa = PBXGroup;
			children = (
				8D4094E023E051C40036D24F /* projetoRestIOS.app */,
				8D4094F623E051C70036D24F /* projetoRestIOSTests.xctest */,
			);
			name = Products;
			sourceTree = "<group>";
		};
		8D4094E223E051C40036D24F /* projetoRestIOS */ = {
			isa = PBXGroup;
			children = (
				8D4094E323E051C40036D24F /* AppDelegate.swift */,
				8D4094E523E051C40036D24F /* SceneDelegate.swift */,
				8D40950C23E056530036D24F /* View */,
				8D40950D23E056570036D24F /* Controller */,
				8D40950B23E056480036D24F /* Model */,
				8D4094EC23E051C70036D24F /* Assets.xcassets */,
				8D4094EE23E051C70036D24F /* LaunchScreen.storyboard */,
				8D4094F123E051C70036D24F /* Info.plist */,
				8D917ECB23E0A39A00BC4E55 /* Extensions */,
			);
			path = projetoRestIOS;
			sourceTree = "<group>";
		};
		8D4094F923E051C70036D24F /* projetoRestIOSTests */ = {
			isa = PBXGroup;
			children = (
				8D4094FA23E051C70036D24F /* projetoRestIOSTests.swift */,
				8D4094FC23E051C70036D24F /* Info.plist */,
			);
			path = projetoRestIOSTests;
			sourceTree = "<group>";
		};
		8D40950B23E056480036D24F /* Model */ = {
			isa = PBXGroup;
			children = (
				8D40950923E0561B0036D24F /* Note.swift */,
			);
			path = Model;
			sourceTree = "<group>";
		};
		8D40950C23E056530036D24F /* View */ = {
			isa = PBXGroup;
			children = (
				8D4094E923E051C40036D24F /* Main.storyboard */,
				8D73506B23E1DB3B00FCBE8F /* ViewNoteViewController.swift */,
				8D40950523E053070036D24F /* NotasTableViewCell.swift */,
			);
			path = View;
			sourceTree = "<group>";
		};
		8D40950D23E056570036D24F /* Controller */ = {
			isa = PBXGroup;
			children = (
				8D4094E723E051C40036D24F /* NotasViewController.swift */,
				8D3B39DD23E0580800158315 /* APIHandlerDefault.swift */,
				8D40950723E054A70036D24F /* AdicionarNotaViewController.swift */,
			);
			path = Controller;
			sourceTree = "<group>";
		};
		8D917ECB23E0A39A00BC4E55 /* Extensions */ = {
			isa = PBXGroup;
			children = (
				8D917ECC23E0A3B800BC4E55 /* DateFormatterExtension.swift */,
			);
			path = Extensions;
			sourceTree = "<group>";
		};
/* End PBXGroup section */

/* Begin PBXNativeTarget section */
		8D4094DF23E051C40036D24F /* projetoRestIOS */ = {
			isa = PBXNativeTarget;
			buildConfigurationList = 8D4094FF23E051C70036D24F /* Build configuration list for PBXNativeTarget "projetoRestIOS" */;
			buildPhases = (
				8D4094DC23E051C40036D24F /* Sources */,
				8D4094DD23E051C40036D24F /* Frameworks */,
				8D4094DE23E051C40036D24F /* Resources */,
			);
			buildRules = (
			);
			dependencies = (
			);
			name = projetoRestIOS;
			productName = projetoRestIOS;
			productReference = 8D4094E023E051C40036D24F /* projetoRestIOS.app */;
			productType = "com.apple.product-type.application";
		};
		8D4094F523E051C70036D24F /* projetoRestIOSTests */ = {
			isa = PBXNativeTarget;
			buildConfigurationList = 8D40950223E051C70036D24F /* Build configuration list for PBXNativeTarget "projetoRestIOSTests" */;
			buildPhases = (
				8D4094F223E051C70036D24F /* Sources */,
				8D4094F323E051C70036D24F /* Frameworks */,
				8D4094F423E051C70036D24F /* Resources */,
			);
			buildRules = (
			);
			dependencies = (
				8D4094F823E051C70036D24F /* PBXTargetDependency */,
			);
			name = projetoRestIOSTests;
			productName = projetoRestIOSTests;
			productReference = 8D4094F623E051C70036D24F /* projetoRestIOSTests.xctest */;
			productType = "com.apple.product-type.bundle.unit-test";
		};
/* End PBXNativeTarget section */

/* Begin PBXProject section */
		8D4094D823E051C40036D24F /* Project object */ = {
			isa = PBXProject;
			attributes = {
				LastSwiftUpdateCheck = 1130;
				LastUpgradeCheck = 1130;
				ORGANIZATIONNAME = "Pietro Pugliesi";
				TargetAttributes = {
					8D4094DF23E051C40036D24F = {
						CreatedOnToolsVersion = 11.3.1;
					};
					8D4094F523E051C70036D24F = {
						CreatedOnToolsVersion = 11.3.1;
						TestTargetID = 8D4094DF23E051C40036D24F;
					};
				};
			};
			buildConfigurationList = 8D4094DB23E051C40036D24F /* Build configuration list for PBXProject "projetoRestIOS" */;
			compatibilityVersion = "Xcode 9.3";
			developmentRegion = en;
			hasScannedForEncodings = 0;
			knownRegions = (
				en,
				Base,
			);
			mainGroup = 8D4094D723E051C40036D24F;
			productRefGroup = 8D4094E123E051C40036D24F /* Products */;
			projectDirPath = "";
			projectRoot = "";
			targets = (
				8D4094DF23E051C40036D24F /* projetoRestIOS */,
				8D4094F523E051C70036D24F /* projetoRestIOSTests */,
			);
		};
/* End PBXProject section */

/* Begin PBXResourcesBuildPhase section */
		8D4094DE23E051C40036D24F /* Resources */ = {
			isa = PBXResourcesBuildPhase;
			buildActionMask = 2147483647;
			files = (
				8D4094F023E051C70036D24F /* LaunchScreen.storyboard in Resources */,
				8D4094ED23E051C70036D24F /* Assets.xcassets in Resources */,
				8D4094EB23E051C40036D24F /* Main.storyboard in Resources */,
			);
			runOnlyForDeploymentPostprocessing = 0;
		};
		8D4094F423E051C70036D24F /* Resources */ = {
			isa = PBXResourcesBuildPhase;
			buildActionMask = 2147483647;
			files = (
			);
			runOnlyForDeploymentPostprocessing = 0;
		};
/* End PBXResourcesBuildPhase section */

/* Begin PBXSourcesBuildPhase section */
		8D4094DC23E051C40036D24F /* Sources */ = {
			isa = PBXSourcesBuildPhase;
			buildActionMask = 2147483647;
			files = (
				8D3B39DE23E0580800158315 /* APIHandlerDefault.swift in Sources */,
				8D4094E823E051C40036D24F /* NotasViewController.swift in Sources */,
				8D40950A23E0561B0036D24F /* Note.swift in Sources */,
				8D40950823E054A70036D24F /* AdicionarNotaViewController.swift in Sources */,
				8D73506C23E1DB3B00FCBE8F /* ViewNoteViewController.swift in Sources */,
				8D4094E423E051C40036D24F /* AppDelegate.swift in Sources */,
				8D4094E623E051C40036D24F /* SceneDelegate.swift in Sources */,
				8D917ECD23E0A3B800BC4E55 /* DateFormatterExtension.swift in Sources */,
				8D40950623E053070036D24F /* NotasTableViewCell.swift in Sources */,
			);
			runOnlyForDeploymentPostprocessing = 0;
		};
		8D4094F223E051C70036D24F /* Sources */ = {
			isa = PBXSourcesBuildPhase;
			buildActionMask = 2147483647;
			files = (
				8D4094FB23E051C70036D24F /* projetoRestIOSTests.swift in Sources */,
			);
			runOnlyForDeploymentPostprocessing = 0;
		};
/* End PBXSourcesBuildPhase section */

/* Begin PBXTargetDependency section */
		8D4094F823E051C70036D24F /* PBXTargetDependency */ = {
			isa = PBXTargetDependency;
			target = 8D4094DF23E051C40036D24F /* projetoRestIOS */;
			targetProxy = 8D4094F723E051C70036D24F /* PBXContainerItemProxy */;
		};
/* End PBXTargetDependency section */

/* Begin PBXVariantGroup section */
		8D4094E923E051C40036D24F /* Main.storyboard */ = {
			isa = PBXVariantGroup;
			children = (
				8D4094EA23E051C40036D24F /* Base */,
			);
			name = Main.storyboard;
			sourceTree = "<group>";
		};
		8D4094EE23E051C70036D24F /* LaunchScreen.storyboard */ = {
			isa = PBXVariantGroup;
			children = (
				8D4094EF23E051C70036D24F /* Base */,
			);
			name = LaunchScreen.storyboard;
			sourceTree = "<group>";
		};
/* End PBXVariantGroup section */

/* Begin XCBuildConfiguration section */
		8D4094FD23E051C70036D24F /* Debug */ = {
			isa = XCBuildConfiguration;
			buildSettings = {
				ALWAYS_SEARCH_USER_PATHS = NO;
				CLANG_ANALYZER_NONNULL = YES;
				CLANG_ANALYZER_NUMBER_OBJECT_CONVERSION = YES_AGGRESSIVE;
				CLANG_CXX_LANGUAGE_STANDARD = "gnu++14";
				CLANG_CXX_LIBRARY = "libc++";
				CLANG_ENABLE_MODULES = YES;
				CLANG_ENABLE_OBJC_ARC = YES;
				CLANG_ENABLE_OBJC_WEAK = YES;
				CLANG_WARN_BLOCK_CAPTURE_AUTORELEASING = YES;
				CLANG_WARN_BOOL_CONVERSION = YES;
				CLANG_WARN_COMMA = YES;
				CLANG_WARN_CONSTANT_CONVERSION = YES;
				CLANG_WARN_DEPRECATED_OBJC_IMPLEMENTATIONS = YES;
				CLANG_WARN_DIRECT_OBJC_ISA_USAGE = YES_ERROR;
				CLANG_WARN_DOCUMENTATION_COMMENTS = YES;
				CLANG_WARN_EMPTY_BODY = YES;
				CLANG_WARN_ENUM_CONVERSION = YES;
				CLANG_WARN_INFINITE_RECURSION = YES;
				CLANG_WARN_INT_CONVERSION = YES;
				CLANG_WARN_NON_LITERAL_NULL_CONVERSION = YES;
				CLANG_WARN_OBJC_IMPLICIT_RETAIN_SELF = YES;
				CLANG_WARN_OBJC_LITERAL_CONVERSION = YES;
				CLANG_WARN_OBJC_ROOT_CLASS = YES_ERROR;
				CLANG_WARN_RANGE_LOOP_ANALYSIS = YES;
				CLANG_WARN_STRICT_PROTOTYPES = YES;
				CLANG_WARN_SUSPICIOUS_MOVE = YES;
				CLANG_WARN_UNGUARDED_AVAILABILITY = YES_AGGRESSIVE;
				CLANG_WARN_UNREACHABLE_CODE = YES;
				CLANG_WARN__DUPLICATE_METHOD_MATCH = YES;
				COPY_PHASE_STRIP = NO;
				DEBUG_INFORMATION_FORMAT = dwarf;
				ENABLE_STRICT_OBJC_MSGSEND = YES;
				ENABLE_TESTABILITY = YES;
				GCC_C_LANGUAGE_STANDARD = gnu11;
				GCC_DYNAMIC_NO_PIC = NO;
				GCC_NO_COMMON_BLOCKS = YES;
				GCC_OPTIMIZATION_LEVEL = 0;
				GCC_PREPROCESSOR_DEFINITIONS = (
					"DEBUG=1",
					"$(inherited)",
				);
				GCC_WARN_64_TO_32_BIT_CONVERSION = YES;
				GCC_WARN_ABOUT_RETURN_TYPE = YES_ERROR;
				GCC_WARN_UNDECLARED_SELECTOR = YES;
				GCC_WARN_UNINITIALIZED_AUTOS = YES_AGGRESSIVE;
				GCC_WARN_UNUSED_FUNCTION = YES;
				GCC_WARN_UNUSED_VARIABLE = YES;
				IPHONEOS_DEPLOYMENT_TARGET = 13.2;
				MTL_ENABLE_DEBUG_INFO = INCLUDE_SOURCE;
				MTL_FAST_MATH = YES;
				ONLY_ACTIVE_ARCH = YES;
				SDKROOT = iphoneos;
				SWIFT_ACTIVE_COMPILATION_CONDITIONS = DEBUG;
				SWIFT_OPTIMIZATION_LEVEL = "-Onone";
			};
			name = Debug;
		};
		8D4094FE23E051C70036D24F /* Release */ = {
			isa = XCBuildConfiguration;
			buildSettings = {
				ALWAYS_SEARCH_USER_PATHS = NO;
				CLANG_ANALYZER_NONNULL = YES;
				CLANG_ANALYZER_NUMBER_OBJECT_CONVERSION = YES_AGGRESSIVE;
				CLANG_CXX_LANGUAGE_STANDARD = "gnu++14";
				CLANG_CXX_LIBRARY = "libc++";
				CLANG_ENABLE_MODULES = YES;
				CLANG_ENABLE_OBJC_ARC = YES;
				CLANG_ENABLE_OBJC_WEAK = YES;
				CLANG_WARN_BLOCK_CAPTURE_AUTORELEASING = YES;
				CLANG_WARN_BOOL_CONVERSION = YES;
				CLANG_WARN_COMMA = YES;
				CLANG_WARN_CONSTANT_CONVERSION = YES;
				CLANG_WARN_DEPRECATED_OBJC_IMPLEMENTATIONS = YES;
				CLANG_WARN_DIRECT_OBJC_ISA_USAGE = YES_ERROR;
				CLANG_WARN_DOCUMENTATION_COMMENTS = YES;
				CLANG_WARN_EMPTY_BODY = YES;
				CLANG_WARN_ENUM_CONVERSION = YES;
				CLANG_WARN_INFINITE_RECURSION = YES;
				CLANG_WARN_INT_CONVERSION = YES;
				CLANG_WARN_NON_LITERAL_NULL_CONVERSION = YES;
				CLANG_WARN_OBJC_IMPLICIT_RETAIN_SELF = YES;
				CLANG_WARN_OBJC_LITERAL_CONVERSION = YES;
				CLANG_WARN_OBJC_ROOT_CLASS = YES_ERROR;
				CLANG_WARN_RANGE_LOOP_ANALYSIS = YES;
				CLANG_WARN_STRICT_PROTOTYPES = YES;
				CLANG_WARN_SUSPICIOUS_MOVE = YES;
				CLANG_WARN_UNGUARDED_AVAILABILITY = YES_AGGRESSIVE;
				CLANG_WARN_UNREACHABLE_CODE = YES;
				CLANG_WARN__DUPLICATE_METHOD_MATCH = YES;
				COPY_PHASE_STRIP = NO;
				DEBUG_INFORMATION_FORMAT = "dwarf-with-dsym";
				ENABLE_NS_ASSERTIONS = NO;
				ENABLE_STRICT_OBJC_MSGSEND = YES;
				GCC_C_LANGUAGE_STANDARD = gnu11;
				GCC_NO_COMMON_BLOCKS = YES;
				GCC_WARN_64_TO_32_BIT_CONVERSION = YES;
				GCC_WARN_ABOUT_RETURN_TYPE = YES_ERROR;
				GCC_WARN_UNDECLARED_SELECTOR = YES;
				GCC_WARN_UNINITIALIZED_AUTOS = YES_AGGRESSIVE;
				GCC_WARN_UNUSED_FUNCTION = YES;
				GCC_WARN_UNUSED_VARIABLE = YES;
				IPHONEOS_DEPLOYMENT_TARGET = 13.2;
				MTL_ENABLE_DEBUG_INFO = NO;
				MTL_FAST_MATH = YES;
				SDKROOT = iphoneos;
				SWIFT_COMPILATION_MODE = wholemodule;
				SWIFT_OPTIMIZATION_LEVEL = "-O";
				VALIDATE_PRODUCT = YES;
			};
			name = Release;
		};
		8D40950023E051C70036D24F /* Debug */ = {
			isa = XCBuildConfiguration;
			buildSettings = {
				ASSETCATALOG_COMPILER_APPICON_NAME = AppIcon;
				CODE_SIGN_STYLE = Automatic;
				DEVELOPMENT_TEAM = HHRZ35A37Y;
				INFOPLIST_FILE = projetoRestIOS/Info.plist;
				LD_RUNPATH_SEARCH_PATHS = (
					"$(inherited)",
					"@executable_path/Frameworks",
				);
				PRODUCT_BUNDLE_IDENTIFIER = pietropugliesi.projetoRestIOS;
				PRODUCT_NAME = "$(TARGET_NAME)";
				SWIFT_VERSION = 5.0;
				TARGETED_DEVICE_FAMILY = "1,2";
			};
			name = Debug;
		};
		8D40950123E051C70036D24F /* Release */ = {
			isa = XCBuildConfiguration;
			buildSettings = {
				ASSETCATALOG_COMPILER_APPICON_NAME = AppIcon;
				CODE_SIGN_STYLE = Automatic;
				DEVELOPMENT_TEAM = HHRZ35A37Y;
				INFOPLIST_FILE = projetoRestIOS/Info.plist;
				LD_RUNPATH_SEARCH_PATHS = (
					"$(inherited)",
					"@executable_path/Frameworks",
				);
				PRODUCT_BUNDLE_IDENTIFIER = pietropugliesi.projetoRestIOS;
				PRODUCT_NAME = "$(TARGET_NAME)";
				SWIFT_VERSION = 5.0;
				TARGETED_DEVICE_FAMILY = "1,2";
			};
			name = Release;
		};
		8D40950323E051C70036D24F /* Debug */ = {
			isa = XCBuildConfiguration;
			buildSettings = {
				ALWAYS_EMBED_SWIFT_STANDARD_LIBRARIES = YES;
				BUNDLE_LOADER = "$(TEST_HOST)";
				CODE_SIGN_STYLE = Automatic;
				DEVELOPMENT_TEAM = HHRZ35A37Y;
				INFOPLIST_FILE = projetoRestIOSTests/Info.plist;
				IPHONEOS_DEPLOYMENT_TARGET = 13.2;
				LD_RUNPATH_SEARCH_PATHS = (
					"$(inherited)",
					"@executable_path/Frameworks",
					"@loader_path/Frameworks",
				);
				PRODUCT_BUNDLE_IDENTIFIER = pietropugliesi.projetoRestIOSTests;
				PRODUCT_NAME = "$(TARGET_NAME)";
				SWIFT_VERSION = 5.0;
				TARGETED_DEVICE_FAMILY = "1,2";
				TEST_HOST = "$(BUILT_PRODUCTS_DIR)/projetoRestIOS.app/projetoRestIOS";
			};
			name = Debug;
		};
		8D40950423E051C70036D24F /* Release */ = {
			isa = XCBuildConfiguration;
			buildSettings = {
				ALWAYS_EMBED_SWIFT_STANDARD_LIBRARIES = YES;
				BUNDLE_LOADER = "$(TEST_HOST)";
				CODE_SIGN_STYLE = Automatic;
				DEVELOPMENT_TEAM = HHRZ35A37Y;
				INFOPLIST_FILE = projetoRestIOSTests/Info.plist;
				IPHONEOS_DEPLOYMENT_TARGET = 13.2;
				LD_RUNPATH_SEARCH_PATHS = (
					"$(inherited)",
					"@executable_path/Frameworks",
					"@loader_path/Frameworks",
				);
				PRODUCT_BUNDLE_IDENTIFIER = pietropugliesi.projetoRestIOSTests;
				PRODUCT_NAME = "$(TARGET_NAME)";
				SWIFT_VERSION = 5.0;
				TARGETED_DEVICE_FAMILY = "1,2";
				TEST_HOST = "$(BUILT_PRODUCTS_DIR)/projetoRestIOS.app/projetoRestIOS";
			};
			name = Release;
		};
/* End XCBuildConfiguration section */

/* Begin XCConfigurationList section */
		8D4094DB23E051C40036D24F /* Build configuration list for PBXProject "projetoRestIOS" */ = {
			isa = XCConfigurationList;
			buildConfigurations = (
				8D4094FD23E051C70036D24F /* Debug */,
				8D4094FE23E051C70036D24F /* Release */,
			);
			defaultConfigurationIsVisible = 0;
			defaultConfigurationName = Release;
		};
		8D4094FF23E051C70036D24F /* Build configuration list for PBXNativeTarget "projetoRestIOS" */ = {
			isa = XCConfigurationList;
			buildConfigurations = (
				8D40950023E051C70036D24F /* Debug */,
				8D40950123E051C70036D24F /* Release */,
			);
			defaultConfigurationIsVisible = 0;
			defaultConfigurationName = Release;
		};
		8D40950223E051C70036D24F /* Build configuration list for PBXNativeTarget "projetoRestIOSTests" */ = {
			isa = XCConfigurationList;
			buildConfigurations = (
				8D40950323E051C70036D24F /* Debug */,
				8D40950423E051C70036D24F /* Release */,
			);
			defaultConfigurationIsVisible = 0;
			defaultConfigurationName = Release;
		};
/* End XCConfigurationList section */
	};
	rootObject = 8D4094D823E051C40036D24F /* Project object */;
}
